
Microsoft Visual Studio Solution File, Format Version 12.00
# Visual Studio Version 17
VisualStudioVersion = 17.11.35222.181
MinimumVisualStudioVersion = 10.0.40219.1
Project("{8BC9CEB8-8B4A-11D0-8D11-00A0C91BC942}") = "Home_pet", "Home_pet\Home_pet.vcxproj", "{BA59F0CB-0DDE-4DB8-8F64-DEFB1EBE3CC4}"
EndProject
Global
	GlobalSection(SolutionConfigurationPlatforms) = preSolution
		Debug|x64 = Debug|x64
		Debug|x86 = Debug|x86
		Release|x64 = Release|x64
		Release|x86 = Release|x86
	EndGlobalSection
	GlobalSection(ProjectConfigurationPlatforms) = postSolution
		{BA59F0CB-0DDE-4DB8-8F64-DEFB1EBE3CC4}.Debug|x64.ActiveCfg = Debug|x64
		{BA59F0CB-0DDE-4DB8-8F64-DEFB1EBE3CC4}.Debug|x64.Build.0 = Debug|x64
		{BA59F0CB-0DDE-4DB8-8F64-DEFB1EBE3CC4}.Debug|x86.ActiveCfg = Debug|Win32
		{BA59F0CB-0DDE-4DB8-8F64-DEFB1EBE3CC4}.Debug|x86.Build.0 = Debug|Win32
		{BA59F0CB-0DDE-4DB8-8F64-DEFB1EBE3CC4}.Release|x64.ActiveCfg = Release|x64
		{BA59F0CB-0DDE-4DB8-8F64-DEFB1EBE3CC4}.Release|x64.Build.0 = Release|x64
		{BA59F0CB-0DDE-4DB8-8F64-DEFB1EBE3CC4}.Release|x86.ActiveCfg = Release|Win32
		{BA59F0CB-0DDE-4DB8-8F64-DEFB1EBE3CC4}.Release|x86.Build.0 = Release|Win32
	EndGlobalSection
	GlobalSection(SolutionProperties) = preSolution
		HideSolutionNode = FALSE
	EndGlobalSection
	GlobalSection(ExtensibilityGlobals) = postSolution
		SolutionGuid = {D3804966-50DA-4896-9BF8-1918D4AEFCAC}
	EndGlobalSection
EndGlobal
